<?xml version="1.0" encoding="utf-8"?>
<Project ToolsVersion="4.0" xmlns="http://schemas.microsoft.com/developer/msbuild/2003">
  <ItemGroup>
    <Filter Include="local">
      <UniqueIdentifier>{260a8cad-9a11-4bec-9175-3d3bdf60e86b}</UniqueIdentifier>
    </Filter>
    <Filter Include="public">
      <UniqueIdentifier>{e61cd62f-be5c-4e37-983b-b3ff4ee689d3}</UniqueIdentifier>
    </Filter>
    <Filter Include="public\ecc">
      <UniqueIdentifier>{6644b6a6-96f1-428c-9ea9-5184c09262df}</UniqueIdentifier>
    </Filter>
    <Filter Include="public\scheme">
      <UniqueIdentifier>{ae2b2070-c8b7-475e-b7c8-8381206b35a3}</UniqueIdentifier>
    </Filter>
  </ItemGroup>
  <ItemGroup>
    <ClCompile Include="..\pod_publish\main.cc">
      <Filter>local</Filter>
    </ClCompile>
    <ClCompile Include="..\pod_publish\publish.cc">
      <Filter>local</Filter>
    </ClCompile>
    <ClCompile Include="..\public\ecc\ecc.cc">
      <Filter>public\ecc</Filter>
    </ClCompile>
  </ItemGroup>
  <ItemGroup>
    <ClInclude Include="..\pod_publish\publish.h">
      <Filter>local</Filter>
    </ClInclude>
    <ClInclude Include="..\public\public.h">
      <Filter>public</Filter>
    </ClInclude>
    <ClInclude Include="..\public\ecc\ecc_pub.h">
      <Filter>public\ecc</Filter>
    </ClInclude>
    <ClInclude Include="..\public\ecc\funcs.h">
      <Filter>public\ecc</Filter>
    </ClInclude>
    <ClInclude Include="..\public\ecc\multiexp.h">
      <Filter>public\ecc</Filter>
    </ClInclude>
    <ClInclude Include="..\public\ecc\pds_pub.h">
      <Filter>public\ecc</Filter>
    </ClInclude>
    <ClInclude Include="..\public\ecc\serialize.h">
      <Filter>public\ecc</Filter>
    </ClInclude>
    <ClInclude Include="..\public\ecc\types.h">
      <Filter>public\ecc</Filter>
    </ClInclude>
    <ClInclude Include="..\public\ecc\ecc.h">
      <Filter>public\ecc</Filter>
    </ClInclude>
    <ClInclude Include="..\public\scheme\public_misc.h">
      <Filter>public\scheme</Filter>
    </ClInclude>
    <ClInclude Include="..\public\scheme\plain_misc.h">
      <Filter>public\scheme</Filter>
    </ClInclude>
    <ClInclude Include="..\public\scheme\table_misc.h">
      <Filter>public\scheme</Filter>
    </ClInclude>
    <ClInclude Include="..\public\scheme\vrf_meta.h">
      <Filter>public\scheme</Filter>
    </ClInclude>
    <ClInclude Include="..\public\scheme\bulletin_plain.h">
      <Filter>public\scheme</Filter>
    </ClInclude>
    <ClInclude Include="..\public\scheme\bulletin_table.h">
      <Filter>public\scheme</Filter>
    </ClInclude>
  </ItemGroup>
  <ItemGroup>
    <None Include="..\pod_publish\Makefile" />
    <None Include="..\pod_publish\README.md" />
    <None Include="..\pod_publish\test.csv" />
    <None Include="..\public\ecc\readme.md">
      <Filter>public\ecc</Filter>
    </None>
  </ItemGroup>
  <ItemGroup>
    <Text Include="..\pod_publish\todo.txt" />
  </ItemGroup>
</Project>