<?xml version="1.0" encoding="utf-8"?>
<Project ToolsVersion="4.0" xmlns="http://schemas.microsoft.com/developer/msbuild/2003">
  <ItemGroup>
    <ClCompile Include="..\vrs_cache\main.cc">
      <Filter>local</Filter>
    </ClCompile>
    <ClCompile Include="..\public\ecc\ecc.cc">
      <Filter>public\ecc</Filter>
    </ClCompile>
  </ItemGroup>
  <ItemGroup>
    <None Include="..\vrs_cache\Makefile" />
    <None Include="..\vrs_cache\README.md" />
    <None Include="..\public\ecc\readme.md">
      <Filter>public\ecc</Filter>
    </None>
  </ItemGroup>
  <ItemGroup>
    <Filter Include="public">
      <UniqueIdentifier>{cc94e8fc-d3e7-4c59-b817-ba3ab88349a0}</UniqueIdentifier>
    </Filter>
    <Filter Include="local">
      <UniqueIdentifier>{6b86291b-17b0-4f7c-86cf-84dd514c2143}</UniqueIdentifier>
    </Filter>
    <Filter Include="public\ecc">
      <UniqueIdentifier>{1e33eb0e-cf1f-4ce0-a2f9-34f7f539cd58}</UniqueIdentifier>
    </Filter>
  </ItemGroup>
  <ItemGroup>
    <ClInclude Include="..\public\ecc\funcs.h">
      <Filter>public\ecc</Filter>
    </ClInclude>
    <ClInclude Include="..\public\ecc\multiexp.h">
      <Filter>public\ecc</Filter>
    </ClInclude>
    <ClInclude Include="..\public\ecc\pds_pub.h">
      <Filter>public\ecc</Filter>
    </ClInclude>
    <ClInclude Include="..\public\ecc\serialize.h">
      <Filter>public\ecc</Filter>
    </ClInclude>
    <ClInclude Include="..\public\ecc\types.h">
      <Filter>public\ecc</Filter>
    </ClInclude>
    <ClInclude Include="..\public\ecc\ecc.h">
      <Filter>public\ecc</Filter>
    </ClInclude>
    <ClInclude Include="..\public\ecc\ecc_pub.h">
      <Filter>public\ecc</Filter>
    </ClInclude>
  </ItemGroup>
</Project>